// !$*UTF8*$!
{
	archiveVersion = 1;
	classes = {
	};
	objectVersion = 77;
	objects = {

/* Begin PBXContainerItemProxy section */
		688DD4B72E282B6F0020150F /* PBXContainerItemProxy */ = {
			isa = PBXContainerItemProxy;
			containerPortal = 688DD49F2E282B6D0020150F /* Project object */;
			proxyType = 1;
			remoteGlobalIDString = 688DD4A62E282B6D0020150F;
			remoteInfo = CodingReviewer;
		};
		688DD4C12E282B6F0020150F /* PBXContainerItemProxy */ = {
			isa = PBXContainerItemProxy;
			containerPortal = 688DD49F2E282B6D0020150F /* Project object */;
			proxyType = 1;
			remoteGlobalIDString = 688DD4A62E282B6D0020150F;
			remoteInfo = CodingReviewer;
		};
/* End PBXContainerItemProxy section */

/* Begin PBXFileReference section */
		688DD4A72E282B6D0020150F /* CodingReviewer.app */ = {isa = PBXFileReference; explicitFileType = wrapper.application; includeInIndex = 0; path = CodingReviewer.app; sourceTree = BUILT_PRODUCTS_DIR; };
		688DD4B62E282B6F0020150F /* CodingReviewerTests.xctest */ = {isa = PBXFileReference; explicitFileType = wrapper.cfbundle; includeInIndex = 0; path = CodingReviewerTests.xctest; sourceTree = BUILT_PRODUCTS_DIR; };
		688DD4C02E282B6F0020150F /* CodingReviewerUITests.xctest */ = {isa = PBXFileReference; explicitFileType = wrapper.cfbundle; includeInIndex = 0; path = CodingReviewerUITests.xctest; sourceTree = BUILT_PRODUCTS_DIR; };
/* End PBXFileReference section */

/* Begin PBXFileSystemSynchronizedRootGroup section */
		688DD4A92E282B6D0020150F /* CodingReviewer */ = {
			isa = PBXFileSystemSynchronizedRootGroup;
			path = CodingReviewer;
			sourceTree = "<group>";
		};
		688DD4B92E282B6F0020150F /* CodingReviewerTests */ = {
			isa = PBXFileSystemSynchronizedRootGroup;
			path = CodingReviewerTests;
			sourceTree = "<group>";
		};
		688DD4C32E282B6F0020150F /* CodingReviewerUITests */ = {
			isa = PBXFileSystemSynchronizedRootGroup;
			path = CodingReviewerUITests;
			sourceTree = "<group>";
		};
/* End PBXFileSystemSynchronizedRootGroup section */

/* Begin PBXFrameworksBuildPhase section */
		688DD4A42E282B6D0020150F /* Frameworks */ = {
			isa = PBXFrameworksBuildPhase;
			buildActionMask = 2147483647;
			files = (
			);
			runOnlyForDeploymentPostprocessing = 0;
		};
		688DD4B32E282B6F0020150F /* Frameworks */ = {
			isa = PBXFrameworksBuildPhase;
			buildActionMask = 2147483647;
			files = (
			);
			runOnlyForDeploymentPostprocessing = 0;
		};
		688DD4BD2E282B6F0020150F /* Frameworks */ = {
			isa = PBXFrameworksBuildPhase;
			buildActionMask = 2147483647;
			files = (
			);
			runOnlyForDeploymentPostprocessing = 0;
		};
/* End PBXFrameworksBuildPhase section */

/* Begin PBXGroup section */
		688DD49E2E282B6D0020150F = {
			isa = PBXGroup;
			children = (
				688DD4A92E282B6D0020150F /* CodingReviewer */,
				688DD4B92E282B6F0020150F /* CodingReviewerTests */,
				688DD4C32E282B6F0020150F /* CodingReviewerUITests */,
				688DD4A82E282B6D0020150F /* Products */,
			);
			sourceTree = "<group>";
		};
		688DD4A82E282B6D0020150F /* Products */ = {
			isa = PBXGroup;
			children = (
				688DD4A72E282B6D0020150F /* CodingReviewer.app */,
				688DD4B62E282B6F0020150F /* CodingReviewerTests.xctest */,
				688DD4C02E282B6F0020150F /* CodingReviewerUITests.xctest */,
			);
			name = Products;
			sourceTree = "<group>";
		};
/* End PBXGroup section */

/* Begin PBXNativeTarget section */
		688DD4A62E282B6D0020150F /* CodingReviewer */ = {
			isa = PBXNativeTarget;
			buildConfigurationList = 688DD4CA2E282B6D0020150F /* Build configuration list for PBXNativeTarget "CodingReviewer" */;
			buildPhases = (
				688DD4A32E282B6D0020150F /* Sources */,
				688DD4A42E282B6D0020150F /* Frameworks */,
				688DD4A52E282B6D0020150F /* Resources */,
			);
			buildRules = (
			);
			dependencies = (
			);
			fileSystemSynchronizedGroups = (
				688DD4A92E282B6D0020150F /* CodingReviewer */,
			);
			name = CodingReviewer;
			packageProductDependencies = (
			);
			productName = CodingReviewer;
			productReference = 688DD4A72E282B6D0020150F /* CodingReviewer.app */;
			productType = "com.apple.product-type.application";
		};
		688DD4B52E282B6F0020150F /* CodingReviewerTests */ = {
			isa = PBXNativeTarget;
			buildConfigurationList = 688DD4CD2E282B6F0020150F /* Build configuration list for PBXNativeTarget "CodingReviewerTests" */;
			buildPhases = (
				688DD4B22E282B6F0020150F /* Sources */,
				688DD4B32E282B6F0020150F /* Frameworks */,
				688DD4B42E282B6F0020150F /* Resources */,
			);
			buildRules = (
			);
			dependencies = (
				688DD4B82E282B6F0020150F /* PBXTargetDependency */,
			);
			fileSystemSynchronizedGroups = (
				688DD4B92E282B6F0020150F /* CodingReviewerTests */,
			);
			name = CodingReviewerTests;
			packageProductDependencies = (
			);
			productName = CodingReviewerTests;
			productReference = 688DD4B62E282B6F0020150F /* CodingReviewerTests.xctest */;
			productType = "com.apple.product-type.bundle.unit-test";
		};
		688DD4BF2E282B6F0020150F /* CodingReviewerUITests */ = {
			isa = PBXNativeTarget;
			buildConfigurationList = 688DD4D02E282B6F0020150F /* Build configuration list for PBXNativeTarget "CodingReviewerUITests" */;
			buildPhases = (
				688DD4BC2E282B6F0020150F /* Sources */,
				688DD4BD2E282B6F0020150F /* Frameworks */,
				688DD4BE2E282B6F0020150F /* Resources */,
			);
			buildRules = (
			);
			dependencies = (
				688DD4C22E282B6F0020150F /* PBXTargetDependency */,
			);
			fileSystemSynchronizedGroups = (
				688DD4C32E282B6F0020150F /* CodingReviewerUITests */,
			);
			name = CodingReviewerUITests;
			packageProductDependencies = (
			);
			productName = CodingReviewerUITests;
			productReference = 688DD4C02E282B6F0020150F /* CodingReviewerUITests.xctest */;
			productType = "com.apple.product-type.bundle.ui-testing";
		};
/* End PBXNativeTarget section */

/* Begin PBXProject section */
		688DD49F2E282B6D0020150F /* Project object */ = {
			isa = PBXProject;
			attributes = {
				BuildIndependentTargetsInParallel = 1;
				LastSwiftUpdateCheck = 2600;
				LastUpgradeCheck = 2600;
				TargetAttributes = {
					688DD4A62E282B6D0020150F = {
						CreatedOnToolsVersion = 26.0;
					};
					688DD4B52E282B6F0020150F = {
						CreatedOnToolsVersion = 26.0;
						TestTargetID = 688DD4A62E282B6D0020150F;
					};
					688DD4BF2E282B6F0020150F = {
						CreatedOnToolsVersion = 26.0;
						TestTargetID = 688DD4A62E282B6D0020150F;
					};
				};
			};
			buildConfigurationList = 688DD4A22E282B6D0020150F /* Build configuration list for PBXProject "CodingReviewer" */;
			developmentRegion = en;
			hasScannedForEncodings = 0;
			knownRegions = (
				en,
				Base,
			);
			mainGroup = 688DD49E2E282B6D0020150F;
			minimizedProjectReferenceProxies = 1;
			preferredProjectObjectVersion = 77;
			productRefGroup = 688DD4A82E282B6D0020150F /* Products */;
			projectDirPath = "";
			projectRoot = "";
			targets = (
				688DD4A62E282B6D0020150F /* CodingReviewer */,
				688DD4B52E282B6F0020150F /* CodingReviewerTests */,
				688DD4BF2E282B6F0020150F /* CodingReviewerUITests */,
			);
		};
/* End PBXProject section */

/* Begin PBXResourcesBuildPhase section */
		688DD4A52E282B6D0020150F /* Resources */ = {
			isa = PBXResourcesBuildPhase;
			buildActionMask = 2147483647;
			files = (
			);
			runOnlyForDeploymentPostprocessing = 0;
		};
		688DD4B42E282B6F0020150F /* Resources */ = {
			isa = PBXResourcesBuildPhase;
			buildActionMask = 2147483647;
			files = (
			);
			runOnlyForDeploymentPostprocessing = 0;
		};
		688DD4BE2E282B6F0020150F /* Resources */ = {
			isa = PBXResourcesBuildPhase;
			buildActionMask = 2147483647;
			files = (
			);
			runOnlyForDeploymentPostprocessing = 0;
		};
/* End PBXResourcesBuildPhase section */

/* Begin PBXSourcesBuildPhase section */
		688DD4A32E282B6D0020150F /* Sources */ = {
			isa = PBXSourcesBuildPhase;
			buildActionMask = 2147483647;
			files = (
			);
			runOnlyForDeploymentPostprocessing = 0;
		};
		688DD4B22E282B6F0020150F /* Sources */ = {
			isa = PBXSourcesBuildPhase;
			buildActionMask = 2147483647;
			files = (
			);
			runOnlyForDeploymentPostprocessing = 0;
		};
		688DD4BC2E282B6F0020150F /* Sources */ = {
			isa = PBXSourcesBuildPhase;
			buildActionMask = 2147483647;
			files = (
			);
			runOnlyForDeploymentPostprocessing = 0;
		};
/* End PBXSourcesBuildPhase section */

/* Begin PBXTargetDependency section */
		688DD4B82E282B6F0020150F /* PBXTargetDependency */ = {
			isa = PBXTargetDependency;
			target = 688DD4A62E282B6D0020150F /* CodingReviewer */;
			targetProxy = 688DD4B72E282B6F0020150F /* PBXContainerItemProxy */;
		};
		688DD4C22E282B6F0020150F /* PBXTargetDependency */ = {
			isa = PBXTargetDependency;
			target = 688DD4A62E282B6D0020150F /* CodingReviewer */;
			targetProxy = 688DD4C12E282B6F0020150F /* PBXContainerItemProxy */;
		};
/* End PBXTargetDependency section */

/* Begin XCBuildConfiguration section */
		688DD4C82E282B6F0020150F /* Debug */ = {
			isa = XCBuildConfiguration;
			buildSettings = {
				ALWAYS_SEARCH_USER_PATHS = NO;
				ASSETCATALOG_COMPILER_GENERATE_SWIFT_ASSET_SYMBOL_EXTENSIONS = YES;
				CLANG_ANALYZER_NONNULL = YES;
				CLANG_ANALYZER_NUMBER_OBJECT_CONVERSION = YES_AGGRESSIVE;
				CLANG_CXX_LANGUAGE_STANDARD = "gnu++20";
				CLANG_ENABLE_MODULES = YES;
				CLANG_ENABLE_OBJC_ARC = YES;
				CLANG_ENABLE_OBJC_WEAK = YES;
				CLANG_WARN_BLOCK_CAPTURE_AUTORELEASING = YES;
				CLANG_WARN_BOOL_CONVERSION = YES;
				CLANG_WARN_COMMA = YES;
				CLANG_WARN_CONSTANT_CONVERSION = YES;
				CLANG_WARN_DEPRECATED_OBJC_IMPLEMENTATIONS = YES;
				CLANG_WARN_DIRECT_OBJC_ISA_USAGE = YES_ERROR;
				CLANG_WARN_DOCUMENTATION_COMMENTS = YES;
				CLANG_WARN_EMPTY_BODY = YES;
				CLANG_WARN_ENUM_CONVERSION = YES;
				CLANG_WARN_INFINITE_RECURSION = YES;
				CLANG_WARN_INT_CONVERSION = YES;
				CLANG_WARN_NON_LITERAL_NULL_CONVERSION = YES;
				CLANG_WARN_OBJC_IMPLICIT_RETAIN_SELF = YES;
				CLANG_WARN_OBJC_LITERAL_CONVERSION = YES;
				CLANG_WARN_OBJC_ROOT_CLASS = YES_ERROR;
				CLANG_WARN_QUOTED_INCLUDE_IN_FRAMEWORK_HEADER = YES;
				CLANG_WARN_RANGE_LOOP_ANALYSIS = YES;
				CLANG_WARN_STRICT_PROTOTYPES = YES;
				CLANG_WARN_SUSPICIOUS_MOVE = YES;
				CLANG_WARN_UNGUARDED_AVAILABILITY = YES_AGGRESSIVE;
				CLANG_WARN_UNREACHABLE_CODE = YES;
				CLANG_WARN__DUPLICATE_METHOD_MATCH = YES;
				COPY_PHASE_STRIP = NO;
				DEBUG_INFORMATION_FORMAT = dwarf;
				DEVELOPMENT_TEAM = 3N5528D82R;
				ENABLE_STRICT_OBJC_MSGSEND = YES;
				ENABLE_TESTABILITY = YES;
				ENABLE_USER_SCRIPT_SANDBOXING = YES;
				GCC_C_LANGUAGE_STANDARD = gnu17;
				GCC_DYNAMIC_NO_PIC = NO;
				GCC_NO_COMMON_BLOCKS = YES;
				GCC_OPTIMIZATION_LEVEL = 0;
				GCC_PREPROCESSOR_DEFINITIONS = (
					"DEBUG=1",
					"$(inherited)",
				);
				GCC_WARN_64_TO_32_BIT_CONVERSION = YES;
				GCC_WARN_ABOUT_RETURN_TYPE = YES_ERROR;
				GCC_WARN_UNDECLARED_SELECTOR = YES;
				GCC_WARN_UNINITIALIZED_AUTOS = YES_AGGRESSIVE;
				GCC_WARN_UNUSED_FUNCTION = YES;
				GCC_WARN_UNUSED_VARIABLE = YES;
				LOCALIZATION_PREFERS_STRING_CATALOGS = YES;
				MACOSX_DEPLOYMENT_TARGET = 26.0;
				MTL_ENABLE_DEBUG_INFO = INCLUDE_SOURCE;
				MTL_FAST_MATH = YES;
				ONLY_ACTIVE_ARCH = YES;
				SDKROOT = macosx;
				SWIFT_ACTIVE_COMPILATION_CONDITIONS = "DEBUG $(inherited)";
				SWIFT_OPTIMIZATION_LEVEL = "-Onone";
				GENERATE_INFOPLIST_FILE = YES;
				INFOPLIST_FILE = CodingReviewer/Info.plist;
				SWIFT_VERSION = 6.0;
			};
			name = Debug;
		};
		688DD4C92E282B6F0020150F /* Release */ = {
			isa = XCBuildConfiguration;
			buildSettings = {
				ALWAYS_SEARCH_USER_PATHS = NO;
				ASSETCATALOG_COMPILER_GENERATE_SWIFT_ASSET_SYMBOL_EXTENSIONS = YES;
				CLANG_ANALYZER_NONNULL = YES;
				CLANG_ANALYZER_NUMBER_OBJECT_CONVERSION = YES_AGGRESSIVE;
				CLANG_CXX_LANGUAGE_STANDARD = "gnu++20";
				CLANG_ENABLE_MODULES = YES;
				CLANG_ENABLE_OBJC_ARC = YES;
				CLANG_ENABLE_OBJC_WEAK = YES;
				CLANG_WARN_BLOCK_CAPTURE_AUTORELEASING = YES;
				CLANG_WARN_BOOL_CONVERSION = YES;
				CLANG_WARN_COMMA = YES;
				CLANG_WARN_CONSTANT_CONVERSION = YES;
				CLANG_WARN_DEPRECATED_OBJC_IMPLEMENTATIONS = YES;
				CLANG_WARN_DIRECT_OBJC_ISA_USAGE = YES_ERROR;
				CLANG_WARN_DOCUMENTATION_COMMENTS = YES;
				CLANG_WARN_EMPTY_BODY = YES;
				CLANG_WARN_ENUM_CONVERSION = YES;
				CLANG_WARN_INFINITE_RECURSION = YES;
				CLANG_WARN_INT_CONVERSION = YES;
				CLANG_WARN_NON_LITERAL_NULL_CONVERSION = YES;
				CLANG_WARN_OBJC_IMPLICIT_RETAIN_SELF = YES;
				CLANG_WARN_OBJC_LITERAL_CONVERSION = YES;
				CLANG_WARN_OBJC_ROOT_CLASS = YES_ERROR;
				CLANG_WARN_QUOTED_INCLUDE_IN_FRAMEWORK_HEADER = YES;
				CLANG_WARN_RANGE_LOOP_ANALYSIS = YES;
				CLANG_WARN_STRICT_PROTOTYPES = YES;
				CLANG_WARN_SUSPICIOUS_MOVE = YES;
				CLANG_WARN_UNGUARDED_AVAILABILITY = YES_AGGRESSIVE;
				CLANG_WARN_UNREACHABLE_CODE = YES;
				CLANG_WARN__DUPLICATE_METHOD_MATCH = YES;
				COPY_PHASE_STRIP = NO;
				DEBUG_INFORMATION_FORMAT = "dwarf-with-dsym";
				DEVELOPMENT_TEAM = 3N5528D82R;
				ENABLE_NS_ASSERTIONS = NO;
				ENABLE_STRICT_OBJC_MSGSEND = YES;
				ENABLE_USER_SCRIPT_SANDBOXING = YES;
				GCC_C_LANGUAGE_STANDARD = gnu17;
				GCC_NO_COMMON_BLOCKS = YES;
				GCC_WARN_64_TO_32_BIT_CONVERSION = YES;
				GCC_WARN_ABOUT_RETURN_TYPE = YES_ERROR;
				GCC_WARN_UNDECLARED_SELECTOR = YES;
				GCC_WARN_UNINITIALIZED_AUTOS = YES_AGGRESSIVE;
				GCC_WARN_UNUSED_FUNCTION = YES;
				GCC_WARN_UNUSED_VARIABLE = YES;
				LOCALIZATION_PREFERS_STRING_CATALOGS = YES;
				MACOSX_DEPLOYMENT_TARGET = 26.0;
				MTL_ENABLE_DEBUG_INFO = NO;
				MTL_FAST_MATH = YES;
				SDKROOT = macosx;
				SWIFT_COMPILATION_MODE = wholemodule;
				GENERATE_INFOPLIST_FILE = YES;
				INFOPLIST_FILE = CodingReviewer/Info.plist;
				SWIFT_VERSION = 6.0;
			};
			name = Release;
		};
		688DD4CB2E282B6F0020150F /* Debug */ = {
			isa = XCBuildConfiguration;
			buildSettings = {
				ASSETCATALOG_COMPILER_APPICON_NAME = AppIcon;
				ASSETCATALOG_COMPILER_GLOBAL_ACCENT_COLOR_NAME = AccentColor;
				CODE_SIGN_STYLE = Automatic;
				COMBINE_HIDPI_IMAGES = YES;
				CURRENT_PROJECT_VERSION = 1;
				DEVELOPMENT_TEAM = 3N5528D82R;
				ENABLE_APP_SANDBOX = YES;
				ENABLE_HARDENED_RUNTIME = YES;
				ENABLE_PREVIEWS = YES;
				ENABLE_USER_SELECTED_FILES = readonly;
				   GENERATE_INFOPLIST_FILE = YES;
				   INFOPLIST_FILE = CodingReviewer/Info.plist;
				   SWIFT_VERSION = 6.0;
				INFOPLIST_KEY_NSHumanReadableCopyright = "";
				LD_RUNPATH_SEARCH_PATHS = (
					"$(inherited)",
					"@executable_path/../Frameworks",
				);
				MARKETING_VERSION = 1.0;
				PRODUCT_BUNDLE_IDENTIFIER = com.DanielStevens.CodingReviewer;
				PRODUCT_NAME = "$(TARGET_NAME)";
				REGISTER_APP_GROUPS = YES;
				STRING_CATALOG_GENERATE_SYMBOLS = YES;
				SWIFT_DEFAULT_ACTOR_ISOLATION = MainActor;
				SWIFT_EMIT_LOC_STRINGS = YES;
				SWIFT_STRICT_CONCURRENCY = complete;
				SWIFT_UPCOMING_FEATURE_MEMBER_IMPORT_VISIBILITY = YES;
				SWIFT_VERSION = 6.0;
			};
			name = Debug;
		};
		688DD4CC2E282B6F0020150F /* Release */ = {
			isa = XCBuildConfiguration;
			buildSettings = {
				ASSETCATALOG_COMPILER_APPICON_NAME = AppIcon;
				ASSETCATALOG_COMPILER_GLOBAL_ACCENT_COLOR_NAME = AccentColor;
				CODE_SIGN_STYLE = Automatic;
				COMBINE_HIDPI_IMAGES = YES;
				CURRENT_PROJECT_VERSION = 1;
				DEVELOPMENT_TEAM = 3N5528D82R;
				ENABLE_APP_SANDBOX = YES;
				ENABLE_HARDENED_RUNTIME = YES;
				ENABLE_PREVIEWS = YES;
				ENABLE_USER_SELECTED_FILES = readonly;
				   GENERATE_INFOPLIST_FILE = YES;
				   INFOPLIST_FILE = CodingReviewer/Info.plist;
				   SWIFT_VERSION = 6.0;
				INFOPLIST_KEY_NSHumanReadableCopyright = "";
				LD_RUNPATH_SEARCH_PATHS = (
					"$(inherited)",
					"@executable_path/../Frameworks",
				);
				MARKETING_VERSION = 1.0;
				PRODUCT_BUNDLE_IDENTIFIER = com.DanielStevens.CodingReviewer;
				PRODUCT_NAME = "$(TARGET_NAME)";
				REGISTER_APP_GROUPS = YES;
				STRING_CATALOG_GENERATE_SYMBOLS = YES;
				SWIFT_DEFAULT_ACTOR_ISOLATION = MainActor;
				SWIFT_EMIT_LOC_STRINGS = YES;
				SWIFT_STRICT_CONCURRENCY = complete;
				SWIFT_UPCOMING_FEATURE_MEMBER_IMPORT_VISIBILITY = YES;
				   SWIFT_VERSION = 6.0;
			};
			name = Release;
		};
		688DD4CE2E282B6F0020150F /* Debug */ = {
			isa = XCBuildConfiguration;
			buildSettings = {
				BUNDLE_LOADER = "$(TEST_HOST)";
				CODE_SIGN_STYLE = Automatic;
				CURRENT_PROJECT_VERSION = 1;
				DEVELOPMENT_TEAM = 3N5528D82R;
				GENERATE_INFOPLIST_FILE = YES;
				MACOSX_DEPLOYMENT_TARGET = 26.0;
				MARKETING_VERSION = 1.0;
				PRODUCT_BUNDLE_IDENTIFIER = com.DanielStevens.CodingReviewerTests;
				PRODUCT_NAME = "$(TARGET_NAME)";
				STRING_CATALOG_GENERATE_SYMBOLS = NO;
				SWIFT_EMIT_LOC_STRINGS = NO;
				SWIFT_STRICT_CONCURRENCY = complete;
				SWIFT_UPCOMING_FEATURE_MEMBER_IMPORT_VISIBILITY = YES;
				SWIFT_VERSION = 6.0;
				TEST_HOST = "$(BUILT_PRODUCTS_DIR)/CodingReviewer.app/$(BUNDLE_EXECUTABLE_FOLDER_PATH)/CodingReviewer";
			};
			name = Debug;
		};
		688DD4CF2E282B6F0020150F /* Release */ = {
			isa = XCBuildConfiguration;
			buildSettings = {
				BUNDLE_LOADER = "$(TEST_HOST)";
				CODE_SIGN_STYLE = Automatic;
				CURRENT_PROJECT_VERSION = 1;
				DEVELOPMENT_TEAM = 3N5528D82R;
				GENERATE_INFOPLIST_FILE = YES;
				MACOSX_DEPLOYMENT_TARGET = 26.0;
				MARKETING_VERSION = 1.0;
				PRODUCT_BUNDLE_IDENTIFIER = com.DanielStevens.CodingReviewerTests;
				PRODUCT_NAME = "$(TARGET_NAME)";
				STRING_CATALOG_GENERATE_SYMBOLS = NO;
				SWIFT_EMIT_LOC_STRINGS = NO;
				SWIFT_STRICT_CONCURRENCY = complete;
				SWIFT_UPCOMING_FEATURE_MEMBER_IMPORT_VISIBILITY = YES;
				SWIFT_VERSION = 6.0;
				TEST_HOST = "$(BUILT_PRODUCTS_DIR)/CodingReviewer.app/$(BUNDLE_EXECUTABLE_FOLDER_PATH)/CodingReviewer";
			};
			name = Release;
		};
		688DD4D12E282B6F0020150F /* Debug */ = {
			isa = XCBuildConfiguration;
			buildSettings = {
				CODE_SIGN_STYLE = Automatic;
				CURRENT_PROJECT_VERSION = 1;
				DEVELOPMENT_TEAM = 3N5528D82R;
				GENERATE_INFOPLIST_FILE = YES;
				MARKETING_VERSION = 1.0;
				PRODUCT_BUNDLE_IDENTIFIER = com.DanielStevens.CodingReviewerUITests;
				PRODUCT_NAME = "$(TARGET_NAME)";
				STRING_CATALOG_GENERATE_SYMBOLS = NO;
				SWIFT_EMIT_LOC_STRINGS = NO;
				SWIFT_STRICT_CONCURRENCY = complete;
				SWIFT_UPCOMING_FEATURE_MEMBER_IMPORT_VISIBILITY = YES;
				SWIFT_VERSION = 6.0;
				TEST_TARGET_NAME = CodingReviewer;
			};
			name = Debug;
		};
		688DD4D22E282B6F0020150F /* Release */ = {
			isa = XCBuildConfiguration;
			buildSettings = {
				CODE_SIGN_STYLE = Automatic;
				CURRENT_PROJECT_VERSION = 1;
				DEVELOPMENT_TEAM = 3N5528D82R;
				GENERATE_INFOPLIST_FILE = YES;
				MARKETING_VERSION = 1.0;
				PRODUCT_BUNDLE_IDENTIFIER = com.DanielStevens.CodingReviewerUITests;
				PRODUCT_NAME = "$(TARGET_NAME)";
				STRING_CATALOG_GENERATE_SYMBOLS = NO;
				SWIFT_EMIT_LOC_STRINGS = NO;
				SWIFT_STRICT_CONCURRENCY = complete;
				SWIFT_UPCOMING_FEATURE_MEMBER_IMPORT_VISIBILITY = YES;
				SWIFT_VERSION = 6.0;
				TEST_TARGET_NAME = CodingReviewer;
			};
			name = Release;
		};
/* End XCBuildConfiguration section */

/* Begin XCConfigurationList section */
		688DD4A22E282B6D0020150F /* Build configuration list for PBXProject "CodingReviewer" */ = {
			isa = XCConfigurationList;
			buildConfigurations = (
				688DD4C82E282B6F0020150F /* Debug */,
				688DD4C92E282B6F0020150F /* Release */,
			);
			defaultConfigurationIsVisible = 0;
			defaultConfigurationName = Release;
		};
		688DD4CA2E282B6F0020150F /* Build configuration list for PBXNativeTarget "CodingReviewer" */ = {
			isa = XCConfigurationList;
			buildConfigurations = (
				688DD4CB2E282B6F0020150F /* Debug */,
				688DD4CC2E282B6F0020150F /* Release */,
			);
			defaultConfigurationIsVisible = 0;
			defaultConfigurationName = Release;
		};
		688DD4CD2E282B6F0020150F /* Build configuration list for PBXNativeTarget "CodingReviewerTests" */ = {
			isa = XCConfigurationList;
			buildConfigurations = (
				688DD4CE2E282B6F0020150F /* Debug */,
				688DD4CF2E282B6F0020150F /* Release */,
			);
			defaultConfigurationIsVisible = 0;
			defaultConfigurationName = Release;
		};
		688DD4D02E282B6F0020150F /* Build configuration list for PBXNativeTarget "CodingReviewerUITests" */ = {
			isa = XCConfigurationList;
			buildConfigurations = (
				688DD4D12E282B6F0020150F /* Debug */,
				688DD4D22E282B6F0020150F /* Release */,
			);
			defaultConfigurationIsVisible = 0;
			defaultConfigurationName = Release;
		};
/* End XCConfigurationList section */
	};
	rootObject = 688DD49F2E282B6D0020150F /* Project object */;
}
